
Microsoft Visual Studio Solution File, Format Version 12.00
# Visual Studio 14
VisualStudioVersion = 14.0.25420.1
MinimumVisualStudioVersion = 10.0.40219.1
Project("{8BC9CEB8-8B4A-11D0-8D11-00A0C91BC942}") = "test", "test\test.vcxproj", "{E8119CD1-2BB1-40C2-AC45-37A91F6D4B07}"
	ProjectSection(ProjectDependencies) = postProject
		{1594A235-FF2F-4870-8088-C2793E933033} = {1594A235-FF2F-4870-8088-C2793E933033}
		{FC739E87-E552-4EDC-8313-232D1C1D3D6B} = {FC739E87-E552-4EDC-8313-232D1C1D3D6B}
	EndProjectSection
EndProject
Project("{8BC9CEB8-8B4A-11D0-8D11-00A0C91BC942}") = "common", "common\common.vcxproj", "{FC739E87-E552-4EDC-8313-232D1C1D3D6B}"
EndProject
Project("{8BC9CEB8-8B4A-11D0-8D11-00A0C91BC942}") = "network", "network\network.vcxproj", "{8ACAF9EF-BA1E-4126-BB99-62D5C89C8752}"
EndProject
Project("{8BC9CEB8-8B4A-11D0-8D11-00A0C91BC942}") = "data_link_layer", "data_link_layer\data_link_layer.vcxproj", "{3B3DAE8C-44BF-4A07-B6BD-BFE1DC758BB2}"
EndProject
Project("{8BC9CEB8-8B4A-11D0-8D11-00A0C91BC942}") = "network_layer", "network_layer\network_layer.vcxproj", "{B53BC8EA-E494-4B89-AC34-54F613D141A9}"
EndProject
Project("{2150E333-8FDC-42A3-9474-1A3956D46DE8}") = "net_protocol_stack", "net_protocol_stack", "{0B4747FE-63A4-48DF-AFA2-3B378AEF9411}"
EndProject
Project("{2150E333-8FDC-42A3-9474-1A3956D46DE8}") = "device", "device", "{23D75778-B352-41E3-9385-6958C2FA7D14}"
EndProject
Project("{2150E333-8FDC-42A3-9474-1A3956D46DE8}") = "manager_service", "manager_service", "{3D40BBDB-A477-4422-935E-1D040553DDC7}"
EndProject
Project("{8BC9CEB8-8B4A-11D0-8D11-00A0C91BC942}") = "socket_layer", "socket_layer\socket_layer.vcxproj", "{346AFD56-458E-4010-A2BD-C40509FF8517}"
EndProject
Project("{8BC9CEB8-8B4A-11D0-8D11-00A0C91BC942}") = "nps_driver", "nps_driver\nps_driver.vcxproj", "{54D80708-BDE1-4FFC-9FCC-00B32CB4E4E6}"
EndProject
Project("{8BC9CEB8-8B4A-11D0-8D11-00A0C91BC942}") = "trans_layer", "trans_layer\trans_layer.vcxproj", "{8D4E63CB-BC62-4265-871C-12F85968C9A9}"
EndProject
Project("{8BC9CEB8-8B4A-11D0-8D11-00A0C91BC942}") = "net_card", "dummy_net_card\dummy_net_card.vcxproj", "{1594A235-FF2F-4870-8088-C2793E933033}"
EndProject
Project("{8BC9CEB8-8B4A-11D0-8D11-00A0C91BC942}") = "net_hub", "net_hub\net_hub.vcxproj", "{C72AC6BE-D9A5-4D47-B2B2-BD84C90FC160}"
EndProject
Project("{2150E333-8FDC-42A3-9474-1A3956D46DE8}") = "test_socket", "test_socket", "{9052808D-4372-4664-9138-FA6906D16FDD}"
EndProject
Project("{8BC9CEB8-8B4A-11D0-8D11-00A0C91BC942}") = "client", "test_socket\client\client.vcxproj", "{58EE05F8-A08B-4C19-B17D-5A6227A86422}"
	ProjectSection(ProjectDependencies) = postProject
		{54D80708-BDE1-4FFC-9FCC-00B32CB4E4E6} = {54D80708-BDE1-4FFC-9FCC-00B32CB4E4E6}
		{1594A235-FF2F-4870-8088-C2793E933033} = {1594A235-FF2F-4870-8088-C2793E933033}
		{346AFD56-458E-4010-A2BD-C40509FF8517} = {346AFD56-458E-4010-A2BD-C40509FF8517}
		{FC739E87-E552-4EDC-8313-232D1C1D3D6B} = {FC739E87-E552-4EDC-8313-232D1C1D3D6B}
		{3B3DAE8C-44BF-4A07-B6BD-BFE1DC758BB2} = {3B3DAE8C-44BF-4A07-B6BD-BFE1DC758BB2}
		{8D4E63CB-BC62-4265-871C-12F85968C9A9} = {8D4E63CB-BC62-4265-871C-12F85968C9A9}
		{B53BC8EA-E494-4B89-AC34-54F613D141A9} = {B53BC8EA-E494-4B89-AC34-54F613D141A9}
	EndProjectSection
EndProject
Project("{8BC9CEB8-8B4A-11D0-8D11-00A0C91BC942}") = "server", "test_socket\server\server.vcxproj", "{29EADA69-EE95-4AED-BBEE-0192E2BC9811}"
EndProject
Global
	GlobalSection(SolutionConfigurationPlatforms) = preSolution
		Debug|x64 = Debug|x64
		Debug|x86 = Debug|x86
		Release|x64 = Release|x64
		Release|x86 = Release|x86
	EndGlobalSection
	GlobalSection(ProjectConfigurationPlatforms) = postSolution
		{E8119CD1-2BB1-40C2-AC45-37A91F6D4B07}.Debug|x64.ActiveCfg = Debug|x64
		{E8119CD1-2BB1-40C2-AC45-37A91F6D4B07}.Debug|x64.Build.0 = Debug|x64
		{E8119CD1-2BB1-40C2-AC45-37A91F6D4B07}.Debug|x86.ActiveCfg = Debug|Win32
		{E8119CD1-2BB1-40C2-AC45-37A91F6D4B07}.Debug|x86.Build.0 = Debug|Win32
		{E8119CD1-2BB1-40C2-AC45-37A91F6D4B07}.Release|x64.ActiveCfg = Release|x64
		{E8119CD1-2BB1-40C2-AC45-37A91F6D4B07}.Release|x64.Build.0 = Release|x64
		{E8119CD1-2BB1-40C2-AC45-37A91F6D4B07}.Release|x86.ActiveCfg = Release|Win32
		{E8119CD1-2BB1-40C2-AC45-37A91F6D4B07}.Release|x86.Build.0 = Release|Win32
		{FC739E87-E552-4EDC-8313-232D1C1D3D6B}.Debug|x64.ActiveCfg = Debug|x64
		{FC739E87-E552-4EDC-8313-232D1C1D3D6B}.Debug|x64.Build.0 = Debug|x64
		{FC739E87-E552-4EDC-8313-232D1C1D3D6B}.Debug|x86.ActiveCfg = Debug|Win32
		{FC739E87-E552-4EDC-8313-232D1C1D3D6B}.Debug|x86.Build.0 = Debug|Win32
		{FC739E87-E552-4EDC-8313-232D1C1D3D6B}.Release|x64.ActiveCfg = Release|x64
		{FC739E87-E552-4EDC-8313-232D1C1D3D6B}.Release|x64.Build.0 = Release|x64
		{FC739E87-E552-4EDC-8313-232D1C1D3D6B}.Release|x86.ActiveCfg = Release|Win32
		{FC739E87-E552-4EDC-8313-232D1C1D3D6B}.Release|x86.Build.0 = Release|Win32
		{8ACAF9EF-BA1E-4126-BB99-62D5C89C8752}.Debug|x64.ActiveCfg = Debug|x64
		{8ACAF9EF-BA1E-4126-BB99-62D5C89C8752}.Debug|x64.Build.0 = Debug|x64
		{8ACAF9EF-BA1E-4126-BB99-62D5C89C8752}.Debug|x86.ActiveCfg = Debug|Win32
		{8ACAF9EF-BA1E-4126-BB99-62D5C89C8752}.Debug|x86.Build.0 = Debug|Win32
		{8ACAF9EF-BA1E-4126-BB99-62D5C89C8752}.Release|x64.ActiveCfg = Release|x64
		{8ACAF9EF-BA1E-4126-BB99-62D5C89C8752}.Release|x64.Build.0 = Release|x64
		{8ACAF9EF-BA1E-4126-BB99-62D5C89C8752}.Release|x86.ActiveCfg = Release|Win32
		{8ACAF9EF-BA1E-4126-BB99-62D5C89C8752}.Release|x86.Build.0 = Release|Win32
		{3B3DAE8C-44BF-4A07-B6BD-BFE1DC758BB2}.Debug|x64.ActiveCfg = Debug|x64
		{3B3DAE8C-44BF-4A07-B6BD-BFE1DC758BB2}.Debug|x64.Build.0 = Debug|x64
		{3B3DAE8C-44BF-4A07-B6BD-BFE1DC758BB2}.Debug|x86.ActiveCfg = Debug|Win32
		{3B3DAE8C-44BF-4A07-B6BD-BFE1DC758BB2}.Debug|x86.Build.0 = Debug|Win32
		{3B3DAE8C-44BF-4A07-B6BD-BFE1DC758BB2}.Release|x64.ActiveCfg = Release|x64
		{3B3DAE8C-44BF-4A07-B6BD-BFE1DC758BB2}.Release|x64.Build.0 = Release|x64
		{3B3DAE8C-44BF-4A07-B6BD-BFE1DC758BB2}.Release|x86.ActiveCfg = Release|Win32
		{3B3DAE8C-44BF-4A07-B6BD-BFE1DC758BB2}.Release|x86.Build.0 = Release|Win32
		{B53BC8EA-E494-4B89-AC34-54F613D141A9}.Debug|x64.ActiveCfg = Debug|x64
		{B53BC8EA-E494-4B89-AC34-54F613D141A9}.Debug|x64.Build.0 = Debug|x64
		{B53BC8EA-E494-4B89-AC34-54F613D141A9}.Debug|x86.ActiveCfg = Debug|Win32
		{B53BC8EA-E494-4B89-AC34-54F613D141A9}.Debug|x86.Build.0 = Debug|Win32
		{B53BC8EA-E494-4B89-AC34-54F613D141A9}.Release|x64.ActiveCfg = Release|x64
		{B53BC8EA-E494-4B89-AC34-54F613D141A9}.Release|x64.Build.0 = Release|x64
		{B53BC8EA-E494-4B89-AC34-54F613D141A9}.Release|x86.ActiveCfg = Release|Win32
		{B53BC8EA-E494-4B89-AC34-54F613D141A9}.Release|x86.Build.0 = Release|Win32
		{346AFD56-458E-4010-A2BD-C40509FF8517}.Debug|x64.ActiveCfg = Debug|x64
		{346AFD56-458E-4010-A2BD-C40509FF8517}.Debug|x64.Build.0 = Debug|x64
		{346AFD56-458E-4010-A2BD-C40509FF8517}.Debug|x86.ActiveCfg = Debug|Win32
		{346AFD56-458E-4010-A2BD-C40509FF8517}.Debug|x86.Build.0 = Debug|Win32
		{346AFD56-458E-4010-A2BD-C40509FF8517}.Release|x64.ActiveCfg = Release|x64
		{346AFD56-458E-4010-A2BD-C40509FF8517}.Release|x64.Build.0 = Release|x64
		{346AFD56-458E-4010-A2BD-C40509FF8517}.Release|x86.ActiveCfg = Release|Win32
		{346AFD56-458E-4010-A2BD-C40509FF8517}.Release|x86.Build.0 = Release|Win32
		{54D80708-BDE1-4FFC-9FCC-00B32CB4E4E6}.Debug|x64.ActiveCfg = Debug|x64
		{54D80708-BDE1-4FFC-9FCC-00B32CB4E4E6}.Debug|x64.Build.0 = Debug|x64
		{54D80708-BDE1-4FFC-9FCC-00B32CB4E4E6}.Debug|x86.ActiveCfg = Debug|Win32
		{54D80708-BDE1-4FFC-9FCC-00B32CB4E4E6}.Debug|x86.Build.0 = Debug|Win32
		{54D80708-BDE1-4FFC-9FCC-00B32CB4E4E6}.Release|x64.ActiveCfg = Release|x64
		{54D80708-BDE1-4FFC-9FCC-00B32CB4E4E6}.Release|x64.Build.0 = Release|x64
		{54D80708-BDE1-4FFC-9FCC-00B32CB4E4E6}.Release|x86.ActiveCfg = Release|Win32
		{54D80708-BDE1-4FFC-9FCC-00B32CB4E4E6}.Release|x86.Build.0 = Release|Win32
		{8D4E63CB-BC62-4265-871C-12F85968C9A9}.Debug|x64.ActiveCfg = Debug|x64
		{8D4E63CB-BC62-4265-871C-12F85968C9A9}.Debug|x64.Build.0 = Debug|x64
		{8D4E63CB-BC62-4265-871C-12F85968C9A9}.Debug|x86.ActiveCfg = Debug|Win32
		{8D4E63CB-BC62-4265-871C-12F85968C9A9}.Debug|x86.Build.0 = Debug|Win32
		{8D4E63CB-BC62-4265-871C-12F85968C9A9}.Release|x64.ActiveCfg = Release|x64
		{8D4E63CB-BC62-4265-871C-12F85968C9A9}.Release|x64.Build.0 = Release|x64
		{8D4E63CB-BC62-4265-871C-12F85968C9A9}.Release|x86.ActiveCfg = Release|Win32
		{8D4E63CB-BC62-4265-871C-12F85968C9A9}.Release|x86.Build.0 = Release|Win32
		{1594A235-FF2F-4870-8088-C2793E933033}.Debug|x64.ActiveCfg = Debug|x64
		{1594A235-FF2F-4870-8088-C2793E933033}.Debug|x64.Build.0 = Debug|x64
		{1594A235-FF2F-4870-8088-C2793E933033}.Debug|x86.ActiveCfg = Debug|Win32
		{1594A235-FF2F-4870-8088-C2793E933033}.Debug|x86.Build.0 = Debug|Win32
		{1594A235-FF2F-4870-8088-C2793E933033}.Release|x64.ActiveCfg = Release|x64
		{1594A235-FF2F-4870-8088-C2793E933033}.Release|x64.Build.0 = Release|x64
		{1594A235-FF2F-4870-8088-C2793E933033}.Release|x86.ActiveCfg = Release|Win32
		{1594A235-FF2F-4870-8088-C2793E933033}.Release|x86.Build.0 = Release|Win32
		{C72AC6BE-D9A5-4D47-B2B2-BD84C90FC160}.Debug|x64.ActiveCfg = Debug|x64
		{C72AC6BE-D9A5-4D47-B2B2-BD84C90FC160}.Debug|x64.Build.0 = Debug|x64
		{C72AC6BE-D9A5-4D47-B2B2-BD84C90FC160}.Debug|x86.ActiveCfg = Debug|Win32
		{C72AC6BE-D9A5-4D47-B2B2-BD84C90FC160}.Debug|x86.Build.0 = Debug|Win32
		{C72AC6BE-D9A5-4D47-B2B2-BD84C90FC160}.Release|x64.ActiveCfg = Release|x64
		{C72AC6BE-D9A5-4D47-B2B2-BD84C90FC160}.Release|x64.Build.0 = Release|x64
		{C72AC6BE-D9A5-4D47-B2B2-BD84C90FC160}.Release|x86.ActiveCfg = Release|Win32
		{C72AC6BE-D9A5-4D47-B2B2-BD84C90FC160}.Release|x86.Build.0 = Release|Win32
		{58EE05F8-A08B-4C19-B17D-5A6227A86422}.Debug|x64.ActiveCfg = Debug|x64
		{58EE05F8-A08B-4C19-B17D-5A6227A86422}.Debug|x64.Build.0 = Debug|x64
		{58EE05F8-A08B-4C19-B17D-5A6227A86422}.Debug|x86.ActiveCfg = Debug|Win32
		{58EE05F8-A08B-4C19-B17D-5A6227A86422}.Debug|x86.Build.0 = Debug|Win32
		{58EE05F8-A08B-4C19-B17D-5A6227A86422}.Release|x64.ActiveCfg = Release|x64
		{58EE05F8-A08B-4C19-B17D-5A6227A86422}.Release|x64.Build.0 = Release|x64
		{58EE05F8-A08B-4C19-B17D-5A6227A86422}.Release|x86.ActiveCfg = Release|Win32
		{58EE05F8-A08B-4C19-B17D-5A6227A86422}.Release|x86.Build.0 = Release|Win32
		{29EADA69-EE95-4AED-BBEE-0192E2BC9811}.Debug|x64.ActiveCfg = Debug|x64
		{29EADA69-EE95-4AED-BBEE-0192E2BC9811}.Debug|x64.Build.0 = Debug|x64
		{29EADA69-EE95-4AED-BBEE-0192E2BC9811}.Debug|x86.ActiveCfg = Debug|Win32
		{29EADA69-EE95-4AED-BBEE-0192E2BC9811}.Debug|x86.Build.0 = Debug|Win32
		{29EADA69-EE95-4AED-BBEE-0192E2BC9811}.Release|x64.ActiveCfg = Release|x64
		{29EADA69-EE95-4AED-BBEE-0192E2BC9811}.Release|x64.Build.0 = Release|x64
		{29EADA69-EE95-4AED-BBEE-0192E2BC9811}.Release|x86.ActiveCfg = Release|Win32
		{29EADA69-EE95-4AED-BBEE-0192E2BC9811}.Release|x86.Build.0 = Release|Win32
	EndGlobalSection
	GlobalSection(SolutionProperties) = preSolution
		HideSolutionNode = FALSE
	EndGlobalSection
	GlobalSection(NestedProjects) = preSolution
		{8ACAF9EF-BA1E-4126-BB99-62D5C89C8752} = {3D40BBDB-A477-4422-935E-1D040553DDC7}
		{3B3DAE8C-44BF-4A07-B6BD-BFE1DC758BB2} = {0B4747FE-63A4-48DF-AFA2-3B378AEF9411}
		{B53BC8EA-E494-4B89-AC34-54F613D141A9} = {0B4747FE-63A4-48DF-AFA2-3B378AEF9411}
		{346AFD56-458E-4010-A2BD-C40509FF8517} = {0B4747FE-63A4-48DF-AFA2-3B378AEF9411}
		{54D80708-BDE1-4FFC-9FCC-00B32CB4E4E6} = {0B4747FE-63A4-48DF-AFA2-3B378AEF9411}
		{8D4E63CB-BC62-4265-871C-12F85968C9A9} = {0B4747FE-63A4-48DF-AFA2-3B378AEF9411}
		{1594A235-FF2F-4870-8088-C2793E933033} = {23D75778-B352-41E3-9385-6958C2FA7D14}
		{C72AC6BE-D9A5-4D47-B2B2-BD84C90FC160} = {23D75778-B352-41E3-9385-6958C2FA7D14}
		{58EE05F8-A08B-4C19-B17D-5A6227A86422} = {9052808D-4372-4664-9138-FA6906D16FDD}
		{29EADA69-EE95-4AED-BBEE-0192E2BC9811} = {9052808D-4372-4664-9138-FA6906D16FDD}
	EndGlobalSection
EndGlobal
